
Microsoft Visual Studio Solution File, Format Version 12.00
# Visual Studio Version 17
VisualStudioVersion = 17.10.35013.160
MinimumVisualStudioVersion = 10.0.40219.1
Project("{2150E333-8FDC-42A3-9474-1A3956D46DE8}") = "ManyEntitiesSender", "ManyEntitiesSender", "{161AD461-35EE-40F2-A0B8-D80ED3B3A88D}"
	ProjectSection(SolutionItems) = preProject
		ManyEntitiesSender\Readme.md = ManyEntitiesSender\Readme.md
	EndProjectSection
EndProject
Project("{2150E333-8FDC-42A3-9474-1A3956D46DE8}") = "MasterDominaSystem", "MasterDominaSystem", "{0B3D2FF7-840D-4DAF-89F4-34D7AAE35397}"
EndProject
Project("{2150E333-8FDC-42A3-9474-1A3956D46DE8}") = "WardrobeOnline", "WardrobeOnline", "{EE4F0911-1C73-46EB-93AA-97CB05DA2EA0}"
	ProjectSection(SolutionItems) = preProject
		WardrobeOnline\README.md = WardrobeOnline\README.md
	EndProjectSection
EndProject
Project("{2150E333-8FDC-42A3-9474-1A3956D46DE8}") = "Docker", "Docker", "{D9C595D0-7327-4883-B74F-39527A2BD0E7}"
EndProject
Project("{E53339B2-1760-4266-BCC7-CA923CBCF16C}") = "docker-compose", "Docker\docker-compose.dcproj", "{B1E28BCB-4978-4D73-BE20-EA454AFD74E3}"
EndProject
Project("{2150E333-8FDC-42A3-9474-1A3956D46DE8}") = "Элементы решения", "Элементы решения", "{AAE50F85-2481-44AB-B6F4-C2F2887B84C4}"
	ProjectSection(SolutionItems) = preProject
		Readme.md = Readme.md
		.editorconfig = .editorconfig
	EndProjectSection
EndProject
Project("{9A19103F-16F7-4668-BE54-9A1E7A4F7556}") = "MasterDominaSystem", "MasterDominaSystem\MasterDominaSystem\MasterDominaSystem.csproj", "{E061D02D-1A85-4215-9850-0FCEBDC7AFF1}"
EndProject
Project("{9A19103F-16F7-4668-BE54-9A1E7A4F7556}") = "WardrobeOnline.WebApi", "WardrobeOnline\WardrobeOnline.WebApi\WardrobeOnline.WebApi.csproj", "{75791A70-3F97-444A-9B88-DB353E582AE0}"
EndProject
Project("{9A19103F-16F7-4668-BE54-9A1E7A4F7556}") = "WardrobeOnline.DAL", "WardrobeOnline\WardrobeOnline.DAL\WardrobeOnline.DAL.csproj", "{58DE0ED2-0897-449C-B85C-C7C371377FF6}"
EndProject
Project("{9A19103F-16F7-4668-BE54-9A1E7A4F7556}") = "WardrobeOnline.BLL", "WardrobeOnline\WardrobeOnline.BLL\WardrobeOnline.BLL.csproj", "{8BED21CC-9FF7-41AA-8B49-F0B099383F5B}"
EndProject
Project("{9A19103F-16F7-4668-BE54-9A1E7A4F7556}") = "ManyEntitiesSender", "ManyEntitiesSender\ManyEnitiesSender\ManyEntitiesSender.csproj", "{F793164F-842D-4D10-8B87-FD70A4F92E1F}"
EndProject
Project("{9A19103F-16F7-4668-BE54-9A1E7A4F7556}") = "ManyEntitiesSender.DAL", "ManyEntitiesSender\ManyEnitiesSender.DAL\ManyEntitiesSender.DAL.csproj", "{9CD359AE-3BAE-4425-A984-E855CCA260F3}"
EndProject
Project("{9A19103F-16F7-4668-BE54-9A1E7A4F7556}") = "ManyEntitiesSender.BLL", "ManyEntitiesSender\ManyEntitiesSender.BLL\ManyEntitiesSender.BLL.csproj", "{814DFD69-5802-4DC4-971C-A44EAF8CDF8C}"
EndProject
Project("{9A19103F-16F7-4668-BE54-9A1E7A4F7556}") = "ManyEntitiesSender.PL", "ManyEntitiesSender\ManyEntitiesSender.PL\ManyEntitiesSender.PL.csproj", "{C4B791B5-9320-411C-9D77-F8BD074AA9B6}"
EndProject
Project("{9A19103F-16F7-4668-BE54-9A1E7A4F7556}") = "ManyEntitiesSender.RAL", "ManyEntitiesSender\ManyEntitiesSender.RAL\ManyEntitiesSender.RAL.csproj", "{5065D913-962E-4283-B6AD-94CB2E9C7B10}"
EndProject
Project("{9A19103F-16F7-4668-BE54-9A1E7A4F7556}") = "MasterDominaSystem.RMQL", "MasterDominaSystem\MasterDominaSystem.RMQL\MasterDominaSystem.RMQL.csproj", "{F52BBD57-5B0A-41C9-AC14-512A13807B47}"
EndProject
Project("{9A19103F-16F7-4668-BE54-9A1E7A4F7556}") = "MasterDominaSystem.BLL", "MasterDominaSystem\MasterDominaSystem.BLL\MasterDominaSystem.BLL.csproj", "{4587FEDF-7B91-4B01-9484-3972B4E73CEA}"
EndProject
Project("{2150E333-8FDC-42A3-9474-1A3956D46DE8}") = "UnitedSystems", "UnitedSystems", "{187AE593-767A-4747-B94D-D2C871A7E984}"
EndProject
Project("{9A19103F-16F7-4668-BE54-9A1E7A4F7556}") = "UnitedSystems.CommonLibrary", "UnitedSystems\UnitedSystems.CommonLibrary\UnitedSystems.CommonLibrary.csproj", "{AC244908-CFC0-4971-BC87-9800D4F58AF2}"
EndProject
Project("{2150E333-8FDC-42A3-9474-1A3956D46DE8}") = "IdentityAPI", "IdentityAPI", "{C13B2901-47AB-4441-802C-899FEB887555}"
EndProject
Project("{9A19103F-16F7-4668-BE54-9A1E7A4F7556}") = "IdentityAPI", "IdentityAPI\IdentityAPI\IdentityAPI.csproj", "{5758A592-9101-4620-94A9-A9B28BC939FC}"
EndProject
Project("{9A19103F-16F7-4668-BE54-9A1E7A4F7556}") = "MasterDominaSystem.DAL", "MasterDominaSystem\MasterDominaSystem.DAL\MasterDominaSystem.DAL.csproj", "{D2132788-9A22-4182-A27B-82F557EE215D}"
EndProject
Project("{9A19103F-16F7-4668-BE54-9A1E7A4F7556}") = "UnitedSystems.EventBus", "UnitedSystems\UnitedSystems.EventBus\UnitedSystems.EventBus.csproj", "{F4974AB0-4129-48C5-B20F-9921B8821448}"
EndProject
Project("{9A19103F-16F7-4668-BE54-9A1E7A4F7556}") = "UnitedSystems.EventBus.RabbitMQ", "UnitedSystems\UnitedSystems.EventBus.RabbitMQ\UnitedSystems.EventBus.RabbitMQ.csproj", "{366F3BE5-D498-4400-BADC-484C3153AEFF}"
EndProject
Project("{9A19103F-16F7-4668-BE54-9A1E7A4F7556}") = "UnitedSystems.CommonLibrary.ManyEntitiesSender", "UnitedSystems\UnitedSystems.CommonLibrary.ManyEntitiesSender\UnitedSystems.CommonLibrary.ManyEntitiesSender.csproj", "{B89AAF12-CC69-4447-B663-2479D9B55323}"
EndProject
Project("{9A19103F-16F7-4668-BE54-9A1E7A4F7556}") = "UnitedSystems.CommonLibrary.WardrobeOnline", "UnitedSystems\UnitedSystems.CommonLibrary.WardrobeOnline\UnitedSystems.CommonLibrary.WardrobeOnline.csproj", "{460B8BEE-37BF-4A2A-9C05-96CD14375D47}"
EndProject
Project("{9A19103F-16F7-4668-BE54-9A1E7A4F7556}") = "MasterDominaSystem.GRPC", "MasterDominaSystem\MasterDominaSystem.GRPC\MasterDominaSystem.GRPC.csproj", "{DD5E70FC-28CE-4AD0-B37A-ECE3D7CC4065}"
EndProject
Project("{9A19103F-16F7-4668-BE54-9A1E7A4F7556}") = "WardrobeOnline.GRPC", "WardrobeOnline\WardrobeOnline.GRPC\WardrobeOnline.GRPC.csproj", "{F0EDE189-C330-494D-B66D-DD832892FFB4}"
EndProject
Project("{9A19103F-16F7-4668-BE54-9A1E7A4F7556}") = "UnitedSystems.GRPC", "UnitedSystems\UnitedSystems.GRPC\UnitedSystems.GRPC.csproj", "{043BFE66-2F3F-45E0-865B-5E12BAE95BDA}"
EndProject
Project("{FAE04EC0-301F-11D3-BF4B-00C04F79EFBC}") = "UnitedSystems.EventBus.Kafka", "UnitedSystems\UnitedSystems.EventBus.Kafka\UnitedSystems.EventBus.Kafka.csproj", "{F98E26C7-40C0-4F08-82AA-8874F2507F28}"
EndProject
Global
	GlobalSection(SolutionConfigurationPlatforms) = preSolution
		Debug|Any CPU = Debug|Any CPU
		Release|Any CPU = Release|Any CPU
	EndGlobalSection
	GlobalSection(ProjectConfigurationPlatforms) = postSolution
		{B1E28BCB-4978-4D73-BE20-EA454AFD74E3}.Debug|Any CPU.ActiveCfg = Debug|Any CPU
		{B1E28BCB-4978-4D73-BE20-EA454AFD74E3}.Debug|Any CPU.Build.0 = Debug|Any CPU
		{B1E28BCB-4978-4D73-BE20-EA454AFD74E3}.Release|Any CPU.ActiveCfg = Release|Any CPU
		{B1E28BCB-4978-4D73-BE20-EA454AFD74E3}.Release|Any CPU.Build.0 = Release|Any CPU
		{E061D02D-1A85-4215-9850-0FCEBDC7AFF1}.Debug|Any CPU.ActiveCfg = Debug|Any CPU
		{E061D02D-1A85-4215-9850-0FCEBDC7AFF1}.Debug|Any CPU.Build.0 = Debug|Any CPU
		{E061D02D-1A85-4215-9850-0FCEBDC7AFF1}.Release|Any CPU.ActiveCfg = Release|Any CPU
		{E061D02D-1A85-4215-9850-0FCEBDC7AFF1}.Release|Any CPU.Build.0 = Release|Any CPU
		{75791A70-3F97-444A-9B88-DB353E582AE0}.Debug|Any CPU.ActiveCfg = Debug|Any CPU
		{75791A70-3F97-444A-9B88-DB353E582AE0}.Debug|Any CPU.Build.0 = Debug|Any CPU
		{75791A70-3F97-444A-9B88-DB353E582AE0}.Release|Any CPU.ActiveCfg = Release|Any CPU
		{75791A70-3F97-444A-9B88-DB353E582AE0}.Release|Any CPU.Build.0 = Release|Any CPU
		{58DE0ED2-0897-449C-B85C-C7C371377FF6}.Debug|Any CPU.ActiveCfg = Debug|Any CPU
		{58DE0ED2-0897-449C-B85C-C7C371377FF6}.Debug|Any CPU.Build.0 = Debug|Any CPU
		{58DE0ED2-0897-449C-B85C-C7C371377FF6}.Release|Any CPU.ActiveCfg = Release|Any CPU
		{58DE0ED2-0897-449C-B85C-C7C371377FF6}.Release|Any CPU.Build.0 = Release|Any CPU
		{8BED21CC-9FF7-41AA-8B49-F0B099383F5B}.Debug|Any CPU.ActiveCfg = Debug|Any CPU
		{8BED21CC-9FF7-41AA-8B49-F0B099383F5B}.Debug|Any CPU.Build.0 = Debug|Any CPU
		{8BED21CC-9FF7-41AA-8B49-F0B099383F5B}.Release|Any CPU.ActiveCfg = Release|Any CPU
		{8BED21CC-9FF7-41AA-8B49-F0B099383F5B}.Release|Any CPU.Build.0 = Release|Any CPU
		{F793164F-842D-4D10-8B87-FD70A4F92E1F}.Debug|Any CPU.ActiveCfg = Debug|Any CPU
		{F793164F-842D-4D10-8B87-FD70A4F92E1F}.Debug|Any CPU.Build.0 = Debug|Any CPU
		{F793164F-842D-4D10-8B87-FD70A4F92E1F}.Release|Any CPU.ActiveCfg = Release|Any CPU
		{F793164F-842D-4D10-8B87-FD70A4F92E1F}.Release|Any CPU.Build.0 = Release|Any CPU
		{9CD359AE-3BAE-4425-A984-E855CCA260F3}.Debug|Any CPU.ActiveCfg = Debug|Any CPU
		{9CD359AE-3BAE-4425-A984-E855CCA260F3}.Debug|Any CPU.Build.0 = Debug|Any CPU
		{9CD359AE-3BAE-4425-A984-E855CCA260F3}.Release|Any CPU.ActiveCfg = Release|Any CPU
		{9CD359AE-3BAE-4425-A984-E855CCA260F3}.Release|Any CPU.Build.0 = Release|Any CPU
		{814DFD69-5802-4DC4-971C-A44EAF8CDF8C}.Debug|Any CPU.ActiveCfg = Debug|Any CPU
		{814DFD69-5802-4DC4-971C-A44EAF8CDF8C}.Debug|Any CPU.Build.0 = Debug|Any CPU
		{814DFD69-5802-4DC4-971C-A44EAF8CDF8C}.Release|Any CPU.ActiveCfg = Release|Any CPU
		{814DFD69-5802-4DC4-971C-A44EAF8CDF8C}.Release|Any CPU.Build.0 = Release|Any CPU
		{C4B791B5-9320-411C-9D77-F8BD074AA9B6}.Debug|Any CPU.ActiveCfg = Debug|Any CPU
		{C4B791B5-9320-411C-9D77-F8BD074AA9B6}.Debug|Any CPU.Build.0 = Debug|Any CPU
		{C4B791B5-9320-411C-9D77-F8BD074AA9B6}.Release|Any CPU.ActiveCfg = Release|Any CPU
		{C4B791B5-9320-411C-9D77-F8BD074AA9B6}.Release|Any CPU.Build.0 = Release|Any CPU
		{5065D913-962E-4283-B6AD-94CB2E9C7B10}.Debug|Any CPU.ActiveCfg = Debug|Any CPU
		{5065D913-962E-4283-B6AD-94CB2E9C7B10}.Debug|Any CPU.Build.0 = Debug|Any CPU
		{5065D913-962E-4283-B6AD-94CB2E9C7B10}.Release|Any CPU.ActiveCfg = Release|Any CPU
		{5065D913-962E-4283-B6AD-94CB2E9C7B10}.Release|Any CPU.Build.0 = Release|Any CPU
		{F52BBD57-5B0A-41C9-AC14-512A13807B47}.Debug|Any CPU.ActiveCfg = Debug|Any CPU
		{F52BBD57-5B0A-41C9-AC14-512A13807B47}.Debug|Any CPU.Build.0 = Debug|Any CPU
		{F52BBD57-5B0A-41C9-AC14-512A13807B47}.Release|Any CPU.ActiveCfg = Release|Any CPU
		{F52BBD57-5B0A-41C9-AC14-512A13807B47}.Release|Any CPU.Build.0 = Release|Any CPU
		{4587FEDF-7B91-4B01-9484-3972B4E73CEA}.Debug|Any CPU.ActiveCfg = Debug|Any CPU
		{4587FEDF-7B91-4B01-9484-3972B4E73CEA}.Debug|Any CPU.Build.0 = Debug|Any CPU
		{4587FEDF-7B91-4B01-9484-3972B4E73CEA}.Release|Any CPU.ActiveCfg = Release|Any CPU
		{4587FEDF-7B91-4B01-9484-3972B4E73CEA}.Release|Any CPU.Build.0 = Release|Any CPU
		{AC244908-CFC0-4971-BC87-9800D4F58AF2}.Debug|Any CPU.ActiveCfg = Debug|Any CPU
		{AC244908-CFC0-4971-BC87-9800D4F58AF2}.Debug|Any CPU.Build.0 = Debug|Any CPU
		{AC244908-CFC0-4971-BC87-9800D4F58AF2}.Release|Any CPU.ActiveCfg = Release|Any CPU
		{AC244908-CFC0-4971-BC87-9800D4F58AF2}.Release|Any CPU.Build.0 = Release|Any CPU
		{5758A592-9101-4620-94A9-A9B28BC939FC}.Debug|Any CPU.ActiveCfg = Debug|Any CPU
		{5758A592-9101-4620-94A9-A9B28BC939FC}.Debug|Any CPU.Build.0 = Debug|Any CPU
		{5758A592-9101-4620-94A9-A9B28BC939FC}.Release|Any CPU.ActiveCfg = Release|Any CPU
		{5758A592-9101-4620-94A9-A9B28BC939FC}.Release|Any CPU.Build.0 = Release|Any CPU
		{D2132788-9A22-4182-A27B-82F557EE215D}.Debug|Any CPU.ActiveCfg = Debug|Any CPU
		{D2132788-9A22-4182-A27B-82F557EE215D}.Debug|Any CPU.Build.0 = Debug|Any CPU
		{D2132788-9A22-4182-A27B-82F557EE215D}.Release|Any CPU.ActiveCfg = Release|Any CPU
		{D2132788-9A22-4182-A27B-82F557EE215D}.Release|Any CPU.Build.0 = Release|Any CPU
		{F4974AB0-4129-48C5-B20F-9921B8821448}.Debug|Any CPU.ActiveCfg = Debug|Any CPU
		{F4974AB0-4129-48C5-B20F-9921B8821448}.Debug|Any CPU.Build.0 = Debug|Any CPU
		{F4974AB0-4129-48C5-B20F-9921B8821448}.Release|Any CPU.ActiveCfg = Release|Any CPU
		{F4974AB0-4129-48C5-B20F-9921B8821448}.Release|Any CPU.Build.0 = Release|Any CPU
		{366F3BE5-D498-4400-BADC-484C3153AEFF}.Debug|Any CPU.ActiveCfg = Debug|Any CPU
		{366F3BE5-D498-4400-BADC-484C3153AEFF}.Debug|Any CPU.Build.0 = Debug|Any CPU
		{366F3BE5-D498-4400-BADC-484C3153AEFF}.Release|Any CPU.ActiveCfg = Release|Any CPU
		{366F3BE5-D498-4400-BADC-484C3153AEFF}.Release|Any CPU.Build.0 = Release|Any CPU
		{B89AAF12-CC69-4447-B663-2479D9B55323}.Debug|Any CPU.ActiveCfg = Debug|Any CPU
		{B89AAF12-CC69-4447-B663-2479D9B55323}.Debug|Any CPU.Build.0 = Debug|Any CPU
		{B89AAF12-CC69-4447-B663-2479D9B55323}.Release|Any CPU.ActiveCfg = Release|Any CPU
		{B89AAF12-CC69-4447-B663-2479D9B55323}.Release|Any CPU.Build.0 = Release|Any CPU
		{460B8BEE-37BF-4A2A-9C05-96CD14375D47}.Debug|Any CPU.ActiveCfg = Debug|Any CPU
		{460B8BEE-37BF-4A2A-9C05-96CD14375D47}.Debug|Any CPU.Build.0 = Debug|Any CPU
		{460B8BEE-37BF-4A2A-9C05-96CD14375D47}.Release|Any CPU.ActiveCfg = Release|Any CPU
		{460B8BEE-37BF-4A2A-9C05-96CD14375D47}.Release|Any CPU.Build.0 = Release|Any CPU
		{DD5E70FC-28CE-4AD0-B37A-ECE3D7CC4065}.Debug|Any CPU.ActiveCfg = Debug|Any CPU
		{DD5E70FC-28CE-4AD0-B37A-ECE3D7CC4065}.Debug|Any CPU.Build.0 = Debug|Any CPU
		{DD5E70FC-28CE-4AD0-B37A-ECE3D7CC4065}.Release|Any CPU.ActiveCfg = Release|Any CPU
		{DD5E70FC-28CE-4AD0-B37A-ECE3D7CC4065}.Release|Any CPU.Build.0 = Release|Any CPU
		{F0EDE189-C330-494D-B66D-DD832892FFB4}.Debug|Any CPU.ActiveCfg = Debug|Any CPU
		{F0EDE189-C330-494D-B66D-DD832892FFB4}.Debug|Any CPU.Build.0 = Debug|Any CPU
		{F0EDE189-C330-494D-B66D-DD832892FFB4}.Release|Any CPU.ActiveCfg = Release|Any CPU
		{F0EDE189-C330-494D-B66D-DD832892FFB4}.Release|Any CPU.Build.0 = Release|Any CPU
		{043BFE66-2F3F-45E0-865B-5E12BAE95BDA}.Debug|Any CPU.ActiveCfg = Debug|Any CPU
		{043BFE66-2F3F-45E0-865B-5E12BAE95BDA}.Debug|Any CPU.Build.0 = Debug|Any CPU
		{043BFE66-2F3F-45E0-865B-5E12BAE95BDA}.Release|Any CPU.ActiveCfg = Release|Any CPU
		{043BFE66-2F3F-45E0-865B-5E12BAE95BDA}.Release|Any CPU.Build.0 = Release|Any CPU
		{F98E26C7-40C0-4F08-82AA-8874F2507F28}.Debug|Any CPU.ActiveCfg = Debug|Any CPU
		{F98E26C7-40C0-4F08-82AA-8874F2507F28}.Debug|Any CPU.Build.0 = Debug|Any CPU
		{F98E26C7-40C0-4F08-82AA-8874F2507F28}.Release|Any CPU.ActiveCfg = Release|Any CPU
		{F98E26C7-40C0-4F08-82AA-8874F2507F28}.Release|Any CPU.Build.0 = Release|Any CPU
	EndGlobalSection
	GlobalSection(SolutionProperties) = preSolution
		HideSolutionNode = FALSE
	EndGlobalSection
	GlobalSection(NestedProjects) = preSolution
		{B1E28BCB-4978-4D73-BE20-EA454AFD74E3} = {D9C595D0-7327-4883-B74F-39527A2BD0E7}
		{E061D02D-1A85-4215-9850-0FCEBDC7AFF1} = {0B3D2FF7-840D-4DAF-89F4-34D7AAE35397}
		{75791A70-3F97-444A-9B88-DB353E582AE0} = {EE4F0911-1C73-46EB-93AA-97CB05DA2EA0}
		{58DE0ED2-0897-449C-B85C-C7C371377FF6} = {EE4F0911-1C73-46EB-93AA-97CB05DA2EA0}
		{8BED21CC-9FF7-41AA-8B49-F0B099383F5B} = {EE4F0911-1C73-46EB-93AA-97CB05DA2EA0}
		{F793164F-842D-4D10-8B87-FD70A4F92E1F} = {161AD461-35EE-40F2-A0B8-D80ED3B3A88D}
		{9CD359AE-3BAE-4425-A984-E855CCA260F3} = {161AD461-35EE-40F2-A0B8-D80ED3B3A88D}
		{814DFD69-5802-4DC4-971C-A44EAF8CDF8C} = {161AD461-35EE-40F2-A0B8-D80ED3B3A88D}
		{C4B791B5-9320-411C-9D77-F8BD074AA9B6} = {161AD461-35EE-40F2-A0B8-D80ED3B3A88D}
		{5065D913-962E-4283-B6AD-94CB2E9C7B10} = {161AD461-35EE-40F2-A0B8-D80ED3B3A88D}
		{F52BBD57-5B0A-41C9-AC14-512A13807B47} = {0B3D2FF7-840D-4DAF-89F4-34D7AAE35397}
		{4587FEDF-7B91-4B01-9484-3972B4E73CEA} = {0B3D2FF7-840D-4DAF-89F4-34D7AAE35397}
		{AC244908-CFC0-4971-BC87-9800D4F58AF2} = {187AE593-767A-4747-B94D-D2C871A7E984}
		{5758A592-9101-4620-94A9-A9B28BC939FC} = {C13B2901-47AB-4441-802C-899FEB887555}
		{D2132788-9A22-4182-A27B-82F557EE215D} = {0B3D2FF7-840D-4DAF-89F4-34D7AAE35397}
		{F4974AB0-4129-48C5-B20F-9921B8821448} = {187AE593-767A-4747-B94D-D2C871A7E984}
		{366F3BE5-D498-4400-BADC-484C3153AEFF} = {187AE593-767A-4747-B94D-D2C871A7E984}
		{B89AAF12-CC69-4447-B663-2479D9B55323} = {187AE593-767A-4747-B94D-D2C871A7E984}
		{460B8BEE-37BF-4A2A-9C05-96CD14375D47} = {187AE593-767A-4747-B94D-D2C871A7E984}
		{DD5E70FC-28CE-4AD0-B37A-ECE3D7CC4065} = {0B3D2FF7-840D-4DAF-89F4-34D7AAE35397}
		{F0EDE189-C330-494D-B66D-DD832892FFB4} = {EE4F0911-1C73-46EB-93AA-97CB05DA2EA0}
		{043BFE66-2F3F-45E0-865B-5E12BAE95BDA} = {187AE593-767A-4747-B94D-D2C871A7E984}
		{F98E26C7-40C0-4F08-82AA-8874F2507F28} = {187AE593-767A-4747-B94D-D2C871A7E984}
	EndGlobalSection
	GlobalSection(ExtensibilityGlobals) = postSolution
		SolutionGuid = {7460B4C6-2EC6-41A1-B2A9-3FE67DAB0942}
	EndGlobalSection
EndGlobal
